
Microsoft Visual Studio Solution File, Format Version 12.00
# Visual Studio Version 16
VisualStudioVersion = 16.0.34301.259
MinimumVisualStudioVersion = 10.0.40219.1
Project("{FAE04EC0-301F-11D3-BF4B-00C04F79EFBC}") = "DTO", "DTO\DTO.csproj", "{356C0AF8-F1D5-46D6-AA15-52219A0FEDBA}"
EndProject
Project("{FAE04EC0-301F-11D3-BF4B-00C04F79EFBC}") = "DataAcessTier", "DataAcessTier\DataAcessTier.csproj", "{CD0495E6-EBA7-408B-A3A4-3A55668E5412}"
EndProject
Project("{FAE04EC0-301F-11D3-BF4B-00C04F79EFBC}") = "BusinessLogicTier", "BusinessLogicTier\BusinessLogicTier.csproj", "{73EE9586-7DB2-4A8F-B04F-07E479C6B854}"
EndProject
Project("{FAE04EC0-301F-11D3-BF4B-00C04F79EFBC}") = "PresentaionTier", "PresentaionTier\PresentaionTier.csproj", "{88AFB54C-58A7-421E-B1F2-C427B58AC8D0}"
EndProject
Global
	GlobalSection(SolutionConfigurationPlatforms) = preSolution
		Debug|Any CPU = Debug|Any CPU
		Release|Any CPU = Release|Any CPU
	EndGlobalSection
	GlobalSection(ProjectConfigurationPlatforms) = postSolution
		{356C0AF8-F1D5-46D6-AA15-52219A0FEDBA}.Debug|Any CPU.ActiveCfg = Debug|Any CPU
		{356C0AF8-F1D5-46D6-AA15-52219A0FEDBA}.Debug|Any CPU.Build.0 = Debug|Any CPU
		{356C0AF8-F1D5-46D6-AA15-52219A0FEDBA}.Release|Any CPU.ActiveCfg = Release|Any CPU
		{356C0AF8-F1D5-46D6-AA15-52219A0FEDBA}.Release|Any CPU.Build.0 = Release|Any CPU
		{CD0495E6-EBA7-408B-A3A4-3A55668E5412}.Debug|Any CPU.ActiveCfg = Debug|Any CPU
		{CD0495E6-EBA7-408B-A3A4-3A55668E5412}.Debug|Any CPU.Build.0 = Debug|Any CPU
		{CD0495E6-EBA7-408B-A3A4-3A55668E5412}.Release|Any CPU.ActiveCfg = Release|Any CPU
		{CD0495E6-EBA7-408B-A3A4-3A55668E5412}.Release|Any CPU.Build.0 = Release|Any CPU
		{73EE9586-7DB2-4A8F-B04F-07E479C6B854}.Debug|Any CPU.ActiveCfg = Debug|Any CPU
		{73EE9586-7DB2-4A8F-B04F-07E479C6B854}.Debug|Any CPU.Build.0 = Debug|Any CPU
		{73EE9586-7DB2-4A8F-B04F-07E479C6B854}.Release|Any CPU.ActiveCfg = Release|Any CPU
		{73EE9586-7DB2-4A8F-B04F-07E479C6B854}.Release|Any CPU.Build.0 = Release|Any CPU
		{88AFB54C-58A7-421E-B1F2-C427B58AC8D0}.Debug|Any CPU.ActiveCfg = Debug|Any CPU
		{88AFB54C-58A7-421E-B1F2-C427B58AC8D0}.Debug|Any CPU.Build.0 = Debug|Any CPU
		{88AFB54C-58A7-421E-B1F2-C427B58AC8D0}.Release|Any CPU.ActiveCfg = Release|Any CPU
		{88AFB54C-58A7-421E-B1F2-C427B58AC8D0}.Release|Any CPU.Build.0 = Release|Any CPU
	EndGlobalSection
	GlobalSection(SolutionProperties) = preSolution
		HideSolutionNode = FALSE
	EndGlobalSection
	GlobalSection(ExtensibilityGlobals) = postSolution
		SolutionGuid = {9A4C6A52-2196-452F-AEE4-CCE8A7642212}
	EndGlobalSection
EndGlobal
